
Microsoft Visual Studio Solution File, Format Version 12.00
# Visual Studio Version 17
VisualStudioVersion = 17.6.33829.357
MinimumVisualStudioVersion = 10.0.40219.1
Project("{FAE04EC0-301F-11D3-BF4B-00C04F79EFBC}") = "LMS_Clone", "LMS_Clone.csproj", "{D25E4AD7-8FD5-4F76-87C1-BDEDB59048B0}"
EndProject
Global
	GlobalSection(SolutionConfigurationPlatforms) = preSolution
		Debug|Any CPU = Debug|Any CPU
		Release|Any CPU = Release|Any CPU
	EndGlobalSection
	GlobalSection(ProjectConfigurationPlatforms) = postSolution
		{D25E4AD7-8FD5-4F76-87C1-BDEDB59048B0}.Debug|Any CPU.ActiveCfg = Debug|Any CPU
		{D25E4AD7-8FD5-4F76-87C1-BDEDB59048B0}.Debug|Any CPU.Build.0 = Debug|Any CPU
		{D25E4AD7-8FD5-4F76-87C1-BDEDB59048B0}.Release|Any CPU.ActiveCfg = Release|Any CPU
		{D25E4AD7-8FD5-4F76-87C1-BDEDB59048B0}.Release|Any CPU.Build.0 = Release|Any CPU
	EndGlobalSection
	GlobalSection(SolutionProperties) = preSolution
		HideSolutionNode = FALSE
	EndGlobalSection
	GlobalSection(ExtensibilityGlobals) = postSolution
		SolutionGuid = {9FF6BD4F-16F2-4137-A032-54BAFA694DB9}
	EndGlobalSection
EndGlobal
